
Microsoft Visual Studio Solution File, Format Version 12.00
# Visual Studio Version 17
VisualStudioVersion = 17.14.36414.22 d17.14
MinimumVisualStudioVersion = 10.0.40219.1
Project("{FAE04EC0-301F-11D3-BF4B-00C04F79EFBC}") = "QueueSender", "QueueSender\QueueSender.csproj", "{3E71FB4C-1555-429D-8E9B-7E4814EF6FE3}"
EndProject
Project("{FAE04EC0-301F-11D3-BF4B-00C04F79EFBC}") = "QueueReceiver", "QueueReceiver\QueueReceiver.csproj", "{DBDA833C-88C7-4BB4-A1FD-5E0EC16A397E}"
EndProject
Project("{FAE04EC0-301F-11D3-BF4B-00C04F79EFBC}") = "TopicPublisher", "TopicPublisher\TopicPublisher.csproj", "{1ACC3B24-DA5E-4190-AFCF-03BFA0B14FB1}"
EndProject
Project("{FAE04EC0-301F-11D3-BF4B-00C04F79EFBC}") = "EmailServiceConsumer", "EmailServiceConsumer\EmailServiceConsumer.csproj", "{B15D42C8-A887-428E-BF63-7B92E4D88A3F}"
EndProject
Global
	GlobalSection(SolutionConfigurationPlatforms) = preSolution
		Debug|Any CPU = Debug|Any CPU
		Release|Any CPU = Release|Any CPU
	EndGlobalSection
	GlobalSection(ProjectConfigurationPlatforms) = postSolution
		{3E71FB4C-1555-429D-8E9B-7E4814EF6FE3}.Debug|Any CPU.ActiveCfg = Debug|Any CPU
		{3E71FB4C-1555-429D-8E9B-7E4814EF6FE3}.Debug|Any CPU.Build.0 = Debug|Any CPU
		{3E71FB4C-1555-429D-8E9B-7E4814EF6FE3}.Release|Any CPU.ActiveCfg = Release|Any CPU
		{3E71FB4C-1555-429D-8E9B-7E4814EF6FE3}.Release|Any CPU.Build.0 = Release|Any CPU
		{DBDA833C-88C7-4BB4-A1FD-5E0EC16A397E}.Debug|Any CPU.ActiveCfg = Debug|Any CPU
		{DBDA833C-88C7-4BB4-A1FD-5E0EC16A397E}.Debug|Any CPU.Build.0 = Debug|Any CPU
		{DBDA833C-88C7-4BB4-A1FD-5E0EC16A397E}.Release|Any CPU.ActiveCfg = Release|Any CPU
		{DBDA833C-88C7-4BB4-A1FD-5E0EC16A397E}.Release|Any CPU.Build.0 = Release|Any CPU
		{1ACC3B24-DA5E-4190-AFCF-03BFA0B14FB1}.Debug|Any CPU.ActiveCfg = Debug|Any CPU
		{1ACC3B24-DA5E-4190-AFCF-03BFA0B14FB1}.Debug|Any CPU.Build.0 = Debug|Any CPU
		{1ACC3B24-DA5E-4190-AFCF-03BFA0B14FB1}.Release|Any CPU.ActiveCfg = Release|Any CPU
		{1ACC3B24-DA5E-4190-AFCF-03BFA0B14FB1}.Release|Any CPU.Build.0 = Release|Any CPU
		{B15D42C8-A887-428E-BF63-7B92E4D88A3F}.Debug|Any CPU.ActiveCfg = Debug|Any CPU
		{B15D42C8-A887-428E-BF63-7B92E4D88A3F}.Debug|Any CPU.Build.0 = Debug|Any CPU
		{B15D42C8-A887-428E-BF63-7B92E4D88A3F}.Release|Any CPU.ActiveCfg = Release|Any CPU
		{B15D42C8-A887-428E-BF63-7B92E4D88A3F}.Release|Any CPU.Build.0 = Release|Any CPU
	EndGlobalSection
	GlobalSection(SolutionProperties) = preSolution
		HideSolutionNode = FALSE
	EndGlobalSection
	GlobalSection(ExtensibilityGlobals) = postSolution
		SolutionGuid = {30321263-B85C-4D60-BC94-F847A41F5D18}
	EndGlobalSection
EndGlobal
